<?xml version="1.0" encoding="utf-8"?>
<Project ToolsVersion="4.0" xmlns="http://schemas.microsoft.com/developer/msbuild/2003">
  <ItemGroup>
    <Filter Include="src">
      <UniqueIdentifier>{8240b1fa-49c1-461b-b709-089335412bce}</UniqueIdentifier>
    </Filter>
    <Filter Include="src\KO_dog">
      <UniqueIdentifier>{bd1e596c-e139-49c2-beb8-529821859410}</UniqueIdentifier>
    </Filter>
    <Filter Include="src\KO_dog\application">
      <UniqueIdentifier>{ecdb9d88-fd82-40f6-a252-c928593e1db3}</UniqueIdentifier>
    </Filter>
    <Filter Include="windows">
      <UniqueIdentifier>{3d152ec3-e749-4296-b92b-6044677f468d}</UniqueIdentifier>
    </Filter>
    <Filter Include="src\KO_dog\toolkit">
      <UniqueIdentifier>{7ea1c936-892a-47bf-b992-485a96beecf5}</UniqueIdentifier>
    </Filter>
    <Filter Include="src\KO_dog\physical">
      <UniqueIdentifier>{921e9506-5d75-49f8-a0b8-c2c777134b0d}</UniqueIdentifier>
    </Filter>
    <Filter Include="src\KO_dog\unit">
      <UniqueIdentifier>{16e73ce8-4b3b-4044-a55d-76d74b6421bb}</UniqueIdentifier>
    </Filter>
    <Filter Include="src\KO_dog\dotsceneloader">
      <UniqueIdentifier>{17e34fac-dae1-4857-a1c8-5d4657dfc9c0}</UniqueIdentifier>
    </Filter>
    <Filter Include="src\KO_dog\type">
      <UniqueIdentifier>{916bc699-58a8-4d35-ab6b-6019cc8a0eaf}</UniqueIdentifier>
    </Filter>
    <Filter Include="src\KO_dog\layer">
      <UniqueIdentifier>{65b4c7ad-b1d3-466b-a8ca-0d26a63d4c1e}</UniqueIdentifier>
    </Filter>
    <Filter Include="src\KO_dog\math">
      <UniqueIdentifier>{3667760e-8800-4714-893b-91710e69fe6f}</UniqueIdentifier>
    </Filter>
    <Filter Include="src\KO_dog\raptorq">
      <UniqueIdentifier>{4c5187e8-ce35-4bf9-ae1a-27db343885ae}</UniqueIdentifier>
    </Filter>
    <Filter Include="src\KO_dog\network">
      <UniqueIdentifier>{666b78b4-ecbe-403b-b5f7-46131b385563}</UniqueIdentifier>
    </Filter>
    <Filter Include="src\KO_dog\model_data">
      <UniqueIdentifier>{707f2bda-643e-40f1-a037-0254ee9f6a85}</UniqueIdentifier>
    </Filter>
    <Filter Include="src\protodef">
      <UniqueIdentifier>{899f0743-c719-447b-b0db-7e80538b9405}</UniqueIdentifier>
    </Filter>
    <Filter Include="src\protodef\cxx">
      <UniqueIdentifier>{03353f5d-39ca-4656-a129-50d5e479281a}</UniqueIdentifier>
    </Filter>
    <Filter Include="src\protodef\cxx\protodef">
      <UniqueIdentifier>{cac5a3db-d9f1-45f1-8704-94ecfaffc42d}</UniqueIdentifier>
    </Filter>
    <Filter Include="src\KO_dog\script">
      <UniqueIdentifier>{14e9bb1a-398e-44e8-bd3d-83dedbab316e}</UniqueIdentifier>
    </Filter>
  </ItemGroup>
  <ItemGroup>
    <ClCompile Include="..\..\src\KO_dog\application\KO_dog.cpp">
      <Filter>src\KO_dog\application</Filter>
    </ClCompile>
    <ClCompile Include="windows\main.cpp">
      <Filter>windows</Filter>
    </ClCompile>
    <ClCompile Include="..\..\src\KO_dog\application\KO_dog_test_animation.cpp">
      <Filter>src\KO_dog\application</Filter>
    </ClCompile>
    <ClCompile Include="..\..\src\KO_dog\math\mm_fix32_vector3.cpp">
      <Filter>src\KO_dog\math</Filter>
    </ClCompile>
    <ClCompile Include="..\..\src\KO_dog\math\mm_fix32_quaternion.cpp">
      <Filter>src\KO_dog\math</Filter>
    </ClCompile>
    <ClCompile Include="..\..\src\KO_dog\math\mm_fix32_vector4.cpp">
      <Filter>src\KO_dog\math</Filter>
    </ClCompile>
    <ClCompile Include="..\..\src\KO_dog\math\mm_fix32_vector2.cpp">
      <Filter>src\KO_dog\math</Filter>
    </ClCompile>
    <ClCompile Include="..\..\src\KO_dog\math\mm_fix32_matrix4x4.cpp">
      <Filter>src\KO_dog\math</Filter>
    </ClCompile>
    <ClCompile Include="..\..\src\KO_dog\math\mm_fix32_linear.cpp">
      <Filter>src\KO_dog\math</Filter>
    </ClCompile>
    <ClCompile Include="..\..\src\KO_dog\math\mm_fix32_matrix3x3.cpp">
      <Filter>src\KO_dog\math</Filter>
    </ClCompile>
    <ClCompile Include="..\..\src\KO_dog\unit\mm_unit_animation.cpp">
      <Filter>src\KO_dog\unit</Filter>
    </ClCompile>
    <ClCompile Include="..\..\src\KO_dog\unit\mm_unit_audio.cpp">
      <Filter>src\KO_dog\unit</Filter>
    </ClCompile>
    <ClCompile Include="..\..\src\KO_dog\toolkit\mm_util_mesh.cpp">
      <Filter>src\KO_dog\toolkit</Filter>
    </ClCompile>
    <ClCompile Include="..\..\src\KO_dog\network\network_handle.cpp">
      <Filter>src\KO_dog\network</Filter>
    </ClCompile>
    <ClCompile Include="..\..\src\KO_dog\network\KO_dog_network.cpp">
      <Filter>src\KO_dog\network</Filter>
    </ClCompile>
    <ClCompile Include="..\..\src\KO_dog\model_data\KO_dog_data_net.cpp">
      <Filter>src\KO_dog\model_data</Filter>
    </ClCompile>
    <ClCompile Include="..\..\src\KO_dog\model_data\KO_dog_data.cpp">
      <Filter>src\KO_dog\model_data</Filter>
    </ClCompile>
    <ClCompile Include="..\..\src\KO_dog\network\network_entry.cpp">
      <Filter>src\KO_dog\network</Filter>
    </ClCompile>
    <ClCompile Include="..\..\src\KO_dog\model_data\KO_dog_data_user_basic.cpp">
      <Filter>src\KO_dog\model_data</Filter>
    </ClCompile>
    <ClCompile Include="..\..\src\KO_dog\network\network_account.cpp">
      <Filter>src\KO_dog\network</Filter>
    </ClCompile>
    <ClCompile Include="..\..\src\KO_dog\model_data\KO_dog_data_log_view.cpp">
      <Filter>src\KO_dog\model_data</Filter>
    </ClCompile>
    <ClCompile Include="..\..\src\KO_dog\model_data\KO_dog_data_log_error_code_map.cpp">
      <Filter>src\KO_dog\model_data</Filter>
    </ClCompile>
    <ClCompile Include="..\..\src\protodef\cxx\protodef\c_shuttle_entry.pb.cc">
      <Filter>src\protodef\cxx\protodef</Filter>
    </ClCompile>
    <ClCompile Include="..\..\src\protodef\cxx\protodef\c_shuttle_lobby.pb.cc">
      <Filter>src\protodef\cxx\protodef</Filter>
    </ClCompile>
    <ClCompile Include="..\..\src\protodef\cxx\protodef\b_enum.pb.cc">
      <Filter>src\protodef\cxx\protodef</Filter>
    </ClCompile>
    <ClCompile Include="..\..\src\protodef\cxx\protodef\b_error.pb.cc">
      <Filter>src\protodef\cxx\protodef</Filter>
    </ClCompile>
    <ClCompile Include="..\..\src\protodef\cxx\protodef\b_math.pb.cc">
      <Filter>src\protodef\cxx\protodef</Filter>
    </ClCompile>
    <ClCompile Include="..\..\src\protodef\cxx\protodef\b_network.pb.cc">
      <Filter>src\protodef\cxx\protodef</Filter>
    </ClCompile>
    <ClCompile Include="..\..\src\protodef\cxx\protodef\c_business_account.pb.cc">
      <Filter>src\protodef\cxx\protodef</Filter>
    </ClCompile>
    <ClCompile Include="..\..\src\KO_dog\toolkit\mm_windows_target.cpp">
      <Filter>src\KO_dog\toolkit</Filter>
    </ClCompile>
    <ClCompile Include="..\..\src\KO_dog\application\KO_dog_test.cpp">
      <Filter>src\KO_dog\application</Filter>
    </ClCompile>
    <ClCompile Include="..\..\src\KO_dog\application\KO_dog_test_setup.cpp">
      <Filter>src\KO_dog\application</Filter>
    </ClCompile>
    <ClCompile Include="..\..\src\KO_dog\application\KO_dog_zhujiemian.cpp">
      <Filter>src\KO_dog\application</Filter>
    </ClCompile>
    <ClCompile Include="..\..\src\KO_dog\application\KO_dog_zhujiemian_rtt.cpp">
      <Filter>src\KO_dog\application</Filter>
    </ClCompile>
    <ClCompile Include="..\..\src\KO_dog\application\KO_dog_zhujiemian_rtt_coin.cpp">
      <Filter>src\KO_dog\application</Filter>
    </ClCompile>
    <ClCompile Include="..\..\src\KO_dog\application\KO_dog_zhujiemian_dog.cpp">
      <Filter>src\KO_dog\application</Filter>
    </ClCompile>
    <ClCompile Include="..\..\src\KO_dog\network\network_lobby.cpp">
      <Filter>src\KO_dog\network</Filter>
    </ClCompile>
    <ClCompile Include="..\..\src\KO_dog\application\KO_dog_window_ip.cpp">
      <Filter>src\KO_dog\application</Filter>
    </ClCompile>
    <ClCompile Include="..\..\src\KO_dog\network\network_state.cpp">
      <Filter>src\KO_dog\network</Filter>
    </ClCompile>
    <ClCompile Include="..\..\src\KO_dog\application\KO_dog_interface_manager.cpp">
      <Filter>src\KO_dog\application</Filter>
    </ClCompile>
    <ClCompile Include="..\..\src\KO_dog\script\KO_dog_script_error_code.cpp">
      <Filter>src\KO_dog\script</Filter>
    </ClCompile>
    <ClCompile Include="..\..\src\KO_dog\application\KO_dog_error_code.c">
      <Filter>src\KO_dog\application</Filter>
    </ClCompile>
    <ClCompile Include="..\..\src\KO_dog\toolkit\mm_error_desc.c">
      <Filter>src\KO_dog\toolkit</Filter>
    </ClCompile>
  </ItemGroup>
  <ItemGroup>
    <ClInclude Include="..\..\src\KO_dog\application\KO_dog.h">
      <Filter>src\KO_dog\application</Filter>
    </ClInclude>
    <ClInclude Include="..\..\src\KO_dog\application\KO_dog_test_animation.h">
      <Filter>src\KO_dog\application</Filter>
    </ClInclude>
    <ClInclude Include="..\..\src\KO_dog\math\mm_fix32_quaternion.h">
      <Filter>src\KO_dog\math</Filter>
    </ClInclude>
    <ClInclude Include="..\..\src\KO_dog\math\mm_fix32_vector3.h">
      <Filter>src\KO_dog\math</Filter>
    </ClInclude>
    <ClInclude Include="..\..\src\KO_dog\math\mm_fix32_vector4.h">
      <Filter>src\KO_dog\math</Filter>
    </ClInclude>
    <ClInclude Include="..\..\src\KO_dog\math\mm_fix32_vector2.h">
      <Filter>src\KO_dog\math</Filter>
    </ClInclude>
    <ClInclude Include="..\..\src\KO_dog\math\mm_fix32_matrix4x4.h">
      <Filter>src\KO_dog\math</Filter>
    </ClInclude>
    <ClInclude Include="..\..\src\KO_dog\math\mm_fix32_linear.h">
      <Filter>src\KO_dog\math</Filter>
    </ClInclude>
    <ClInclude Include="..\..\src\KO_dog\math\mm_fix32_matrix3x3.h">
      <Filter>src\KO_dog\math</Filter>
    </ClInclude>
    <ClInclude Include="..\..\src\KO_dog\unit\mm_unit_audio.h">
      <Filter>src\KO_dog\unit</Filter>
    </ClInclude>
    <ClInclude Include="..\..\src\KO_dog\unit\mm_unit_animation.h">
      <Filter>src\KO_dog\unit</Filter>
    </ClInclude>
    <ClInclude Include="..\..\src\KO_dog\toolkit\mm_util_mesh.h">
      <Filter>src\KO_dog\toolkit</Filter>
    </ClInclude>
    <ClInclude Include="..\..\src\KO_dog\network\network_handle.h">
      <Filter>src\KO_dog\network</Filter>
    </ClInclude>
    <ClInclude Include="..\..\src\KO_dog\network\KO_dog_network.h">
      <Filter>src\KO_dog\network</Filter>
    </ClInclude>
    <ClInclude Include="..\..\src\KO_dog\model_data\KO_dog_data.h">
      <Filter>src\KO_dog\model_data</Filter>
    </ClInclude>
    <ClInclude Include="..\..\src\KO_dog\model_data\KO_dog_data_net.h">
      <Filter>src\KO_dog\model_data</Filter>
    </ClInclude>
    <ClInclude Include="..\..\src\KO_dog\network\network_entry.h">
      <Filter>src\KO_dog\network</Filter>
    </ClInclude>
    <ClInclude Include="..\..\src\KO_dog\model_data\KO_dog_data_user_basic.h">
      <Filter>src\KO_dog\model_data</Filter>
    </ClInclude>
    <ClInclude Include="..\..\src\KO_dog\network\network_account.h">
      <Filter>src\KO_dog\network</Filter>
    </ClInclude>
    <ClInclude Include="..\..\src\KO_dog\model_data\KO_dog_data_log_view.h">
      <Filter>src\KO_dog\model_data</Filter>
    </ClInclude>
    <ClInclude Include="..\..\src\KO_dog\model_data\KO_dog_data_log_error_code_map.h">
      <Filter>src\KO_dog\model_data</Filter>
    </ClInclude>
    <ClInclude Include="..\..\src\protodef\cxx\protodef\c_business_account.pb.h">
      <Filter>src\protodef\cxx\protodef</Filter>
    </ClInclude>
    <ClInclude Include="..\..\src\protodef\cxx\protodef\c_shuttle_entry.pb.h">
      <Filter>src\protodef\cxx\protodef</Filter>
    </ClInclude>
    <ClInclude Include="..\..\src\protodef\cxx\protodef\c_shuttle_lobby.pb.h">
      <Filter>src\protodef\cxx\protodef</Filter>
    </ClInclude>
    <ClInclude Include="..\..\src\protodef\cxx\protodef\b_enum.pb.h">
      <Filter>src\protodef\cxx\protodef</Filter>
    </ClInclude>
    <ClInclude Include="..\..\src\protodef\cxx\protodef\b_error.pb.h">
      <Filter>src\protodef\cxx\protodef</Filter>
    </ClInclude>
    <ClInclude Include="..\..\src\protodef\cxx\protodef\b_math.pb.h">
      <Filter>src\protodef\cxx\protodef</Filter>
    </ClInclude>
    <ClInclude Include="..\..\src\protodef\cxx\protodef\b_network.pb.h">
      <Filter>src\protodef\cxx\protodef</Filter>
    </ClInclude>
    <ClInclude Include="..\..\src\KO_dog\toolkit\mm_windows_target.h">
      <Filter>src\KO_dog\toolkit</Filter>
    </ClInclude>
    <ClInclude Include="..\..\src\KO_dog\application\KO_dog_test.h">
      <Filter>src\KO_dog\application</Filter>
    </ClInclude>
    <ClInclude Include="..\..\src\KO_dog\application\KO_dog_test_setup.h">
      <Filter>src\KO_dog\application</Filter>
    </ClInclude>
    <ClInclude Include="..\..\src\KO_dog\application\KO_dog_zhujiemian.h">
      <Filter>src\KO_dog\application</Filter>
    </ClInclude>
    <ClInclude Include="..\..\src\KO_dog\application\KO_dog_zhujiemian_rtt.h">
      <Filter>src\KO_dog\application</Filter>
    </ClInclude>
    <ClInclude Include="..\..\src\KO_dog\application\KO_dog_zhujiemian_rtt_coin.h">
      <Filter>src\KO_dog\application</Filter>
    </ClInclude>
    <ClInclude Include="..\..\src\KO_dog\application\KO_dog_zhujiemian_dog.h">
      <Filter>src\KO_dog\application</Filter>
    </ClInclude>
    <ClInclude Include="..\..\src\KO_dog\network\network_lobby.h">
      <Filter>src\KO_dog\network</Filter>
    </ClInclude>
    <ClInclude Include="..\..\src\KO_dog\application\KO_dog_window_ip.h">
      <Filter>src\KO_dog\application</Filter>
    </ClInclude>
    <ClInclude Include="..\..\src\KO_dog\network\network_state.h">
      <Filter>src\KO_dog\network</Filter>
    </ClInclude>
    <ClInclude Include="..\..\src\KO_dog\application\KO_dog_interface_manager.h">
      <Filter>src\KO_dog\application</Filter>
    </ClInclude>
    <ClInclude Include="..\..\src\KO_dog\script\KO_dog_script_error_code.h">
      <Filter>src\KO_dog\script</Filter>
    </ClInclude>
    <ClInclude Include="..\..\src\KO_dog\application\KO_dog_error_code.h">
      <Filter>src\KO_dog\application</Filter>
    </ClInclude>
    <ClInclude Include="..\..\src\KO_dog\toolkit\mm_error_desc.h">
      <Filter>src\KO_dog\toolkit</Filter>
    </ClInclude>
  </ItemGroup>
</Project>